
Microsoft Visual Studio Solution File, Format Version 12.00
# Visual Studio Version 17
VisualStudioVersion = 17.0.0.0
MinimumVisualStudioVersion = 10.0.40219.1
Project("{2150E333-8FDC-42A3-9474-1A3956D46DE8}") = "Solution Items", "Solution Items", "{3049502E-2389-4C0B-88EB-485A0C4C79C1}"
	ProjectSection(SolutionItems) = preProject
		CHANGELOG.md = CHANGELOG.md
		README.md = README.md
		CLAUDE.md = CLAUDE.md
	EndProjectSection
EndProject
Project("{FAE04EC0-301F-11D3-BF4B-00C04F79EFBC}") = "PoorMansTSqlFormatterLib", "PoorMansTSqlFormatterLib\PoorMansTSqlFormatterLib.csproj", "{ADBDFDCA-CAB6-4569-9151-0BD42E65B400}"
EndProject
Project("{FAE04EC0-301F-11D3-BF4B-00C04F79EFBC}") = "PoorMansTSqlFormatterPluginShared", "PoorMansTSqlFormatterPluginShared\PoorMansTSqlFormatterPluginShared.csproj", "{4C350944-937B-4416-8442-3197FC7098F2}"
EndProject
Project("{FAE04EC0-301F-11D3-BF4B-00C04F79EFBC}") = "PoorMansTSqlFormatterSSMSLib", "PoorMansTSqlFormatterSSMSLib\PoorMansTSqlFormatterSSMSLib.csproj", "{26FF8D32-886E-426E-A5BA-8AA7D7F14DFA}"
EndProject
Project("{FAE04EC0-301F-11D3-BF4B-00C04F79EFBC}") = "PoorMansTSqlFormatterSSMSPackage2021", "PoorMansTSqlFormatterSSMSPackage2021\PoorMansTSqlFormatterSSMSPackage2021.csproj", "{879B3998-C5A5-4B64-8674-70BE959ACE6F}"
EndProject
Project("{FAE04EC0-301F-11D3-BF4B-00C04F79EFBC}") = "PoorMansTSqlFormatterVSPackage2022", "PoorMansTSqlFormatterVSPackage2019\PoorMansTSqlFormatterVSPackage2019.csproj", "{A160C033-3357-4BBB-9BF6-7B7D9971AD65}"
EndProject
Global
	GlobalSection(SolutionConfigurationPlatforms) = preSolution
		Debug|Any CPU = Debug|Any CPU
		Release|Any CPU = Release|Any CPU
	EndGlobalSection
	GlobalSection(ProjectConfigurationPlatforms) = postSolution
		{ADBDFDCA-CAB6-4569-9151-0BD42E65B400}.Debug|Any CPU.ActiveCfg = Debug|Any CPU
		{ADBDFDCA-CAB6-4569-9151-0BD42E65B400}.Debug|Any CPU.Build.0 = Debug|Any CPU
		{ADBDFDCA-CAB6-4569-9151-0BD42E65B400}.Release|Any CPU.ActiveCfg = Release|Any CPU
		{ADBDFDCA-CAB6-4569-9151-0BD42E65B400}.Release|Any CPU.Build.0 = Release|Any CPU
		{4C350944-937B-4416-8442-3197FC7098F2}.Debug|Any CPU.ActiveCfg = Debug|Any CPU
		{4C350944-937B-4416-8442-3197FC7098F2}.Debug|Any CPU.Build.0 = Debug|Any CPU
		{4C350944-937B-4416-8442-3197FC7098F2}.Release|Any CPU.ActiveCfg = Release|Any CPU
		{4C350944-937B-4416-8442-3197FC7098F2}.Release|Any CPU.Build.0 = Release|Any CPU
		{26FF8D32-886E-426E-A5BA-8AA7D7F14DFA}.Debug|Any CPU.ActiveCfg = Debug|Any CPU
		{26FF8D32-886E-426E-A5BA-8AA7D7F14DFA}.Debug|Any CPU.Build.0 = Debug|Any CPU
		{26FF8D32-886E-426E-A5BA-8AA7D7F14DFA}.Release|Any CPU.ActiveCfg = Release|Any CPU
		{26FF8D32-886E-426E-A5BA-8AA7D7F14DFA}.Release|Any CPU.Build.0 = Release|Any CPU
		{879B3998-C5A5-4B64-8674-70BE959ACE6F}.Debug|Any CPU.ActiveCfg = Debug|Any CPU
		{879B3998-C5A5-4B64-8674-70BE959ACE6F}.Debug|Any CPU.Build.0 = Debug|Any CPU
		{879B3998-C5A5-4B64-8674-70BE959ACE6F}.Release|Any CPU.ActiveCfg = Release|Any CPU
		{879B3998-C5A5-4B64-8674-70BE959ACE6F}.Release|Any CPU.Build.0 = Release|Any CPU
		{A160C033-3357-4BBB-9BF6-7B7D9971AD65}.Debug|Any CPU.ActiveCfg = Debug|Any CPU
		{A160C033-3357-4BBB-9BF6-7B7D9971AD65}.Debug|Any CPU.Build.0 = Debug|Any CPU
		{A160C033-3357-4BBB-9BF6-7B7D9971AD65}.Release|Any CPU.ActiveCfg = Release|Any CPU
		{A160C033-3357-4BBB-9BF6-7B7D9971AD65}.Release|Any CPU.Build.0 = Release|Any CPU
	EndGlobalSection
	GlobalSection(SolutionProperties) = preSolution
		HideSolutionNode = FALSE
	EndGlobalSection
	GlobalSection(ExtensibilityGlobals) = postSolution
		SolutionGuid = {B8046C77-CCFC-4EF0-B5E6-C7993D5E7361}
	EndGlobalSection
EndGlobal